
Microsoft Visual Studio Solution File, Format Version 12.00
# Visual Studio Version 17
VisualStudioVersion = 17.7.34202.233
MinimumVisualStudioVersion = 10.0.40219.1
Project("{F184B08F-C81C-45F6-A57F-5ABD9991F28F}") = "pro_1", "pro_1.vbproj", "{E5E1F1AA-7F17-4115-A698-8D4A87B2FC07}"
EndProject
Global
	GlobalSection(SolutionConfigurationPlatforms) = preSolution
		Debug|Any CPU = Debug|Any CPU
		Release|Any CPU = Release|Any CPU
	EndGlobalSection
	GlobalSection(ProjectConfigurationPlatforms) = postSolution
		{E5E1F1AA-7F17-4115-A698-8D4A87B2FC07}.Debug|Any CPU.ActiveCfg = Debug|Any CPU
		{E5E1F1AA-7F17-4115-A698-8D4A87B2FC07}.Debug|Any CPU.Build.0 = Debug|Any CPU
		{E5E1F1AA-7F17-4115-A698-8D4A87B2FC07}.Release|Any CPU.ActiveCfg = Release|Any CPU
		{E5E1F1AA-7F17-4115-A698-8D4A87B2FC07}.Release|Any CPU.Build.0 = Release|Any CPU
	EndGlobalSection
	GlobalSection(SolutionProperties) = preSolution
		HideSolutionNode = FALSE
	EndGlobalSection
	GlobalSection(ExtensibilityGlobals) = postSolution
		SolutionGuid = {2E7C222E-CEE1-48DC-B03F-47431204D5DD}
	EndGlobalSection
EndGlobal
